
Microsoft Visual Studio Solution File, Format Version 12.00
# Visual Studio Version 16
VisualStudioVersion = 16.0.31025.194
MinimumVisualStudioVersion = 10.0.40219.1
Project("{FAE04EC0-301F-11D3-BF4B-00C04F79EFBC}") = "MTG_WPF", "MTG_WPF\MTG_WPF.csproj", "{890DA685-4348-4996-96E2-54382DB29317}"
EndProject
Global
	GlobalSection(SolutionConfigurationPlatforms) = preSolution
		Debug|Any CPU = Debug|Any CPU
		Release|Any CPU = Release|Any CPU
	EndGlobalSection
	GlobalSection(ProjectConfigurationPlatforms) = postSolution
		{890DA685-4348-4996-96E2-54382DB29317}.Debug|Any CPU.ActiveCfg = Debug|Any CPU
		{890DA685-4348-4996-96E2-54382DB29317}.Debug|Any CPU.Build.0 = Debug|Any CPU
		{890DA685-4348-4996-96E2-54382DB29317}.Release|Any CPU.ActiveCfg = Release|Any CPU
		{890DA685-4348-4996-96E2-54382DB29317}.Release|Any CPU.Build.0 = Release|Any CPU
	EndGlobalSection
	GlobalSection(SolutionProperties) = preSolution
		HideSolutionNode = FALSE
	EndGlobalSection
	GlobalSection(ExtensibilityGlobals) = postSolution
		SolutionGuid = {F3CA1A9D-9FFE-479F-B238-D8EC2C2D593D}
	EndGlobalSection
EndGlobal
